
Microsoft Visual Studio Solution File, Format Version 12.00
# Visual Studio Version 17
VisualStudioVersion = 17.2.32616.157
MinimumVisualStudioVersion = 10.0.40219.1
Project("{FAE04EC0-301F-11D3-BF4B-00C04F79EFBC}") = "InterfacesAndAbstractionExercise", "InterfacesAndAbstractionExercise\InterfacesAndAbstractionExercise.csproj", "{B3B54DA7-514C-4588-A136-979EAC844231}"
EndProject
Project("{FAE04EC0-301F-11D3-BF4B-00C04F79EFBC}") = "Telephony", "Telephony\Telephony.csproj", "{EB1F358C-8C4C-4576-874E-5FE42A52DF15}"
EndProject
Project("{FAE04EC0-301F-11D3-BF4B-00C04F79EFBC}") = "BorderControl", "BorderControl\BorderControl.csproj", "{8121182D-46FE-4EDF-9164-AF79303A30A2}"
EndProject
Global
	GlobalSection(SolutionConfigurationPlatforms) = preSolution
		Debug|Any CPU = Debug|Any CPU
		Release|Any CPU = Release|Any CPU
	EndGlobalSection
	GlobalSection(ProjectConfigurationPlatforms) = postSolution
		{B3B54DA7-514C-4588-A136-979EAC844231}.Debug|Any CPU.ActiveCfg = Debug|Any CPU
		{B3B54DA7-514C-4588-A136-979EAC844231}.Debug|Any CPU.Build.0 = Debug|Any CPU
		{B3B54DA7-514C-4588-A136-979EAC844231}.Release|Any CPU.ActiveCfg = Release|Any CPU
		{B3B54DA7-514C-4588-A136-979EAC844231}.Release|Any CPU.Build.0 = Release|Any CPU
		{EB1F358C-8C4C-4576-874E-5FE42A52DF15}.Debug|Any CPU.ActiveCfg = Debug|Any CPU
		{EB1F358C-8C4C-4576-874E-5FE42A52DF15}.Debug|Any CPU.Build.0 = Debug|Any CPU
		{EB1F358C-8C4C-4576-874E-5FE42A52DF15}.Release|Any CPU.ActiveCfg = Release|Any CPU
		{EB1F358C-8C4C-4576-874E-5FE42A52DF15}.Release|Any CPU.Build.0 = Release|Any CPU
		{8121182D-46FE-4EDF-9164-AF79303A30A2}.Debug|Any CPU.ActiveCfg = Debug|Any CPU
		{8121182D-46FE-4EDF-9164-AF79303A30A2}.Debug|Any CPU.Build.0 = Debug|Any CPU
		{8121182D-46FE-4EDF-9164-AF79303A30A2}.Release|Any CPU.ActiveCfg = Release|Any CPU
		{8121182D-46FE-4EDF-9164-AF79303A30A2}.Release|Any CPU.Build.0 = Release|Any CPU
	EndGlobalSection
	GlobalSection(SolutionProperties) = preSolution
		HideSolutionNode = FALSE
	EndGlobalSection
	GlobalSection(ExtensibilityGlobals) = postSolution
		SolutionGuid = {6ADB3626-ED52-472D-B3D4-01019EFB1085}
	EndGlobalSection
EndGlobal
